{
    "_meta": {
        "hash": {
            "sha256": "de73dab8d1077b288091934773dd8b6a3ca2e375296de78466a98607d7df0fc9"
        },
        "host-environment-markers": {
            "implementation_name": "cpython",
            "implementation_version": "3.6.3",
            "os_name": "posix",
            "platform_machine": "x86_64",
            "platform_python_implementation": "CPython",
            "platform_release": "4.9.0-5-amd64",
            "platform_system": "Linux",
            "platform_version": "#1 SMP Debian 4.9.65-3+deb9u2 (2018-01-04)",
            "python_full_version": "3.6.3",
            "python_version": "3.6",
            "sys_platform": "linux"
        },
        "pipfile-spec": 6,
        "requires": {
            "python_version": "3.6"
        },
        "sources": [
            {
                "name": "pypi",
                "url": "https://pypi.python.org/simple",
                "verify_ssl": true
            }
        ]
    },
    "default": {
        "click": {
            "hashes": [
                "sha256:29f99fc6125fbc931b758dc053b3114e55c77a6e4c6c3a2674a2dc986016381d",
                "sha256:f15516df478d5a56180fbf80e68f206010e6d160fc39fa508b65e035fd75130b"
            ],
            "version": "==6.7"
        },
        "dataclasses": {
            "hashes": [
                "sha256:068953b730c80cbb13ca6aac6ceedaa5d483fb6081a372ac4788aa5179ed9597",
                "sha256:0f75133f21f6c9bd0fe82bc75d9908e46f531682911c9cffa75bce0e40ef09ef"
            ],
            "version": "==0.4"
        },
        "googleapis-common-protos": {
            "hashes": [
                "sha256:c075eddaa2628ab519e01b7d75b76e66c40eaa50fc52758d8225f84708950ef2"
            ],
            "version": "==1.5.3"
        },
        "grpcio": {
            "hashes": [
                "sha256:210cccde7b2e1e19dbde16660079973e26738db4a513943dd155bbcfbfcf62b5",
                "sha256:96e621c962c65162edff0eac6bfac9fae99efe80fc6834952d87d05d077fe455",
                "sha256:28212798de5567e5a5e1b2e2851819d4a414286a4fe76258132a1c14bae0f1de",
                "sha256:9d43ba86f79de04f24dfbd3e62e8817f34eb11789758687a69dc6d94182044db",
                "sha256:76e6d1e510c67afd59599d6c9797bb7a84a696d461b0ab5e42803b110e5052ed",
                "sha256:6f3bc94db73e688cf8c25d80c15118f87b86c220cf284a2b29d6f1c4426e4550",
                "sha256:1ed24f893ff74f7761c448942798cd2fa7194052dae8f2c521f30bff2eedce67",
                "sha256:f5d1ff94fbbc0be64991d1da935cf42a09635c71cf41137b35fbee5d9658f637",
                "sha256:74bdc3c632e8104c6f269fed1e950a0dd4800e605754f2121f2a555e3e1af131",
                "sha256:dec40532a9889b2b645550adabb89644e8865b29a2922db9a8e9856298595104",
                "sha256:84757cf49728455ed7cf1c36b0a9e06f658eb5297a206cd79174fc89d8e0ddf5",
                "sha256:123cdff8c1306edcdf4a261b4fd7bd1efe07b679e6c1b6019789d7401b2dd1e6",
                "sha256:9f7c8489b4a8c6be3022ea085387abe3d4973f21c7ef3641fbfc8f0e0c5e591f",
                "sha256:bbbcd2a00c52e8af9924621cc2f7f735323ed7c8ca90cb5c40645e379b8d46ea",
                "sha256:32950a2edcf919999e97885d14011efb276fdb6c712a9a0739abfa6c357fc0db",
                "sha256:f4255661045038e1a424c7e2b1a93ed58222bf36363bd698f4ee687060767e5b",
                "sha256:7ab975ae3af94f66c61a968d71f5da1d8cdbd5c31220d0eb195bd14c3384f3a1",
                "sha256:8e7e7e464b66cf9da50f2f503a8be4b9fa99aae90e361c3b24f5e16b597f0f89",
                "sha256:6ec617d4ce4cdccfbcb677b3dbf2eb45a0b521fa7fe3eec8412f342928aa60d7",
                "sha256:5bdfb3eaff04e121b6d34b88a1a55d97c816961b7f94730a3e7aa2d880943e84",
                "sha256:6099cbf59f487ebe0662ba938a3a7f786be97d081bbe3c0a1616466b6081a697",
                "sha256:b2582d74e236c32a325b51013b40479cc7a80c9a87d2d02ad85f98a2201aa098",
                "sha256:e7c43b5619deff48cc177c1b0618c4beeb2797f910f160e3c2035d5baf790a5d"
            ],
            "version": "==1.9.1"
        },
        "jinja2": {
            "hashes": [
                "sha256:74c935a1b8bb9a3947c50a54766a969d4846290e1e788ea44c1392163723c3bd",
                "sha256:f84be1bb0040caca4cea721fcbbbbd61f9be9464ca236387158b0feea01914a4"
            ],
            "version": "==2.10"
        },
        "markupsafe": {
            "hashes": [
                "sha256:a6be69091dac236ea9c6bc7d012beab42010fa914c459791d627dad4910eb665"
            ],
            "version": "==1.0"
        },
        "protobuf": {
            "hashes": [
                "sha256:11788df3e176f44e0375fe6361342d7258a457b346504ea259a21b77ffc18a90",
                "sha256:50c24f0d00b7efb3a72ae638ddc118e713cfe8cef40527afe24f7ebcb878e46d",
                "sha256:41661f9a442eba2f1967f15333ebe9ecc7e7c51bcbaa2972303ad33a4ca0168e",
                "sha256:06ec363b74bceb7d018f2171e0892f03ab6816530e2b0f77d725a58264551e48",
                "sha256:b20f861b55efd8206428c13e017cc8e2c34b40b2a714446eb202bbf0ff7597a6",
                "sha256:c1f9c36004a7ae6f1ce4a23f06070f6b07f57495f251851aa15cc4da16d08378",
                "sha256:4d2e665410b0a278d2eb2c0a529ca2366bb325eb2ae34e189a826b71fb1b28cd",
                "sha256:95b78959572de7d7fafa3acb718ed71f482932ddddddbd29ba8319c10639d863"
            ],
            "version": "==3.5.1"
        },
        "six": {
            "hashes": [
                "sha256:832dc0e10feb1aa2c68dcc57dbb658f1c7e65b9b61af69048abc87a2db00a0eb",
                "sha256:70e8a77beed4562e7f14fe23a786b54f6296e34344c23bc42f07b15018ff98e9"
            ],
            "version": "==1.11.0"
        }
    },
    "develop": {}
}
