# Copyright 2021 Google LLC
#
# Use of this source code is governed by a BSD-style
# license that can be found in the LICENSE file or at
# https://developers.google.com/open-source/licenses/bsd

docker:
  image: gcr.io/cloud-devrel-public-resources/owlbot-python:latest
  digest: sha256:87eee22d276554e4e52863ec9b1cb6a7245815dfae20439712bf644348215a5a
